
Microsoft Visual Studio Solution File, Format Version 12.00
# Visual Studio Version 16
VisualStudioVersion = 16.0.30104.148
MinimumVisualStudioVersion = 10.0.40219.1
Project("{9A19103F-16F7-4668-BE54-9A1E7A4F7556}") = "WebApplication1", "WebApplication1\WebApplication1\WebApplication1.csproj", "{1A4D9F3F-9D34-471D-B07E-11AF704FC661}"
EndProject
Project("{9A19103F-16F7-4668-BE54-9A1E7A4F7556}") = "WebApplication2", "WebApplication2\WebApplication2\WebApplication2.csproj", "{2AAC9638-E122-4F10-BAD3-F92038D90CB1}"
EndProject
Project("{FAE04EC0-301F-11D3-BF4B-00C04F79EFBC}") = "ApiGateway", "ApiGateway\ApiGateway.csproj", "{CCB06D6E-9C2F-4BE1-B887-A943D5F92853}"
EndProject
Global
	GlobalSection(SolutionConfigurationPlatforms) = preSolution
		Debug|Any CPU = Debug|Any CPU
		Release|Any CPU = Release|Any CPU
	EndGlobalSection
	GlobalSection(ProjectConfigurationPlatforms) = postSolution
		{1A4D9F3F-9D34-471D-B07E-11AF704FC661}.Debug|Any CPU.ActiveCfg = Debug|Any CPU
		{1A4D9F3F-9D34-471D-B07E-11AF704FC661}.Debug|Any CPU.Build.0 = Debug|Any CPU
		{1A4D9F3F-9D34-471D-B07E-11AF704FC661}.Release|Any CPU.ActiveCfg = Release|Any CPU
		{1A4D9F3F-9D34-471D-B07E-11AF704FC661}.Release|Any CPU.Build.0 = Release|Any CPU
		{2AAC9638-E122-4F10-BAD3-F92038D90CB1}.Debug|Any CPU.ActiveCfg = Debug|Any CPU
		{2AAC9638-E122-4F10-BAD3-F92038D90CB1}.Debug|Any CPU.Build.0 = Debug|Any CPU
		{2AAC9638-E122-4F10-BAD3-F92038D90CB1}.Release|Any CPU.ActiveCfg = Release|Any CPU
		{2AAC9638-E122-4F10-BAD3-F92038D90CB1}.Release|Any CPU.Build.0 = Release|Any CPU
		{CCB06D6E-9C2F-4BE1-B887-A943D5F92853}.Debug|Any CPU.ActiveCfg = Debug|Any CPU
		{CCB06D6E-9C2F-4BE1-B887-A943D5F92853}.Debug|Any CPU.Build.0 = Debug|Any CPU
		{CCB06D6E-9C2F-4BE1-B887-A943D5F92853}.Release|Any CPU.ActiveCfg = Release|Any CPU
		{CCB06D6E-9C2F-4BE1-B887-A943D5F92853}.Release|Any CPU.Build.0 = Release|Any CPU
	EndGlobalSection
	GlobalSection(SolutionProperties) = preSolution
		HideSolutionNode = FALSE
	EndGlobalSection
	GlobalSection(ExtensibilityGlobals) = postSolution
		SolutionGuid = {9546F56A-F527-4CB2-90C2-D09120639A13}
	EndGlobalSection
EndGlobal
